
Microsoft Visual Studio Solution File, Format Version 12.00
# Visual Studio Version 17
VisualStudioVersion = 17.1.32407.343
MinimumVisualStudioVersion = 10.0.40219.1
Project("{8BC9CEB8-8B4A-11D0-8D11-00A0C91BC942}") = "1712", "..\1712\1712.vcxproj", "{BC8EC449-523F-40CC-99FA-F0B311FC86C7}"
EndProject
Project("{8BC9CEB8-8B4A-11D0-8D11-00A0C91BC942}") = "2292", "..\2292\2292.vcxproj", "{25ECB6AF-D9CA-4C44-863C-DF7D72A37D50}"
EndProject
Project("{8BC9CEB8-8B4A-11D0-8D11-00A0C91BC942}") = "1193", "..\1193\1193.vcxproj", "{CA3FAB88-8911-492C-A1B3-CA6F6B14223F}"
EndProject
Project("{8BC9CEB8-8B4A-11D0-8D11-00A0C91BC942}") = "2869", "..\2869\2869.vcxproj", "{4508BED9-D202-4141-B84C-6F7A4096CBC8}"
EndProject
Project("{8BC9CEB8-8B4A-11D0-8D11-00A0C91BC942}") = "10250", "..\10250\10250.vcxproj", "{F9A59FF6-339F-4EE1-B17C-9CDBF27A020E}"
EndProject
Project("{8BC9CEB8-8B4A-11D0-8D11-00A0C91BC942}") = "2775", "..\2775\2775.vcxproj", "{C30BF470-98D7-4319-9B45-0AA6721B3CE8}"
EndProject
Project("{8BC9CEB8-8B4A-11D0-8D11-00A0C91BC942}") = "2839", "..\2839\2839.vcxproj", "{EF48A8F9-1203-49C1-B92C-DC54ADDFB35C}"
EndProject
Project("{8BC9CEB8-8B4A-11D0-8D11-00A0C91BC942}") = "10757", "..\10757\10757.vcxproj", "{3B5B08D7-4D94-4CB3-86D5-C96EC232FF95}"
EndProject
Project("{8BC9CEB8-8B4A-11D0-8D11-00A0C91BC942}") = "1978", "..\1978\1978.vcxproj", "{964634C2-E0C1-43C6-BCDE-63CD64A90609}"
EndProject
Project("{8BC9CEB8-8B4A-11D0-8D11-00A0C91BC942}") = "2581", "..\2581\2581.vcxproj", "{31A073DF-DA95-450E-8A30-394C605E93B0}"
EndProject
Project("{8BC9CEB8-8B4A-11D0-8D11-00A0C91BC942}") = "11653", "..\11653\11653.vcxproj", "{955C36BA-E484-4F1B-B780-F1FA2ECC74C4}"
EndProject
Project("{8BC9CEB8-8B4A-11D0-8D11-00A0C91BC942}") = "1929", "..\1929\1929.vcxproj", "{BAF27628-0E85-49DC-B7C2-9492DE93FD0B}"
EndProject
Project("{8BC9CEB8-8B4A-11D0-8D11-00A0C91BC942}") = "4948", "..\4948\4948.vcxproj", "{E48F890C-48B8-4444-A60A-074D2FE643B2}"
EndProject
Project("{8BC9CEB8-8B4A-11D0-8D11-00A0C91BC942}") = "9020", "..\9020\9020.vcxproj", "{E34C3439-D358-4883-BCC9-A9E4BEDEC8BF}"
EndProject
Project("{8BC9CEB8-8B4A-11D0-8D11-00A0C91BC942}") = "1085", "..\1085\1085.vcxproj", "{415EDE96-E3BD-4E43-9C7E-3E39E7A8EC21}"
EndProject
Project("{8BC9CEB8-8B4A-11D0-8D11-00A0C91BC942}") = "3009", "..\3009\3009.vcxproj", "{113F13AB-7419-4F62-A542-A86F2D1295FB}"
EndProject
Project("{8BC9CEB8-8B4A-11D0-8D11-00A0C91BC942}") = "4153", "..\4153\4153.vcxproj", "{5AE9B37C-744A-4BE9-875D-C890B04D1489}"
EndProject
Project("{8BC9CEB8-8B4A-11D0-8D11-00A0C91BC942}") = "3053", "..\3053\3053.vcxproj", "{DC8E2532-2B9C-4785-96D3-6EECBF91CD71}"
EndProject
Project("{8BC9CEB8-8B4A-11D0-8D11-00A0C91BC942}") = "1002", "..\1002\1002.vcxproj", "{7D7CA021-FA40-488E-97A2-15804265BCCA}"
EndProject
Project("{8BC9CEB8-8B4A-11D0-8D11-00A0C91BC942}") = "10872", "..\10872\10872.vcxproj", "{B19F1E9A-5FCF-42A1-B4A9-4A79DB332E18}"
EndProject
Project("{8BC9CEB8-8B4A-11D0-8D11-00A0C91BC942}") = "10870", "..\10870\10870.vcxproj", "{F8DE8B2B-FCA8-4F53-BE4A-8AFDB14A9D89}"
EndProject
Project("{8BC9CEB8-8B4A-11D0-8D11-00A0C91BC942}") = "2447", "..\2447\2447.vcxproj", "{B361183D-B66D-4E79-B306-849A290875EB}"
EndProject
Project("{8BC9CEB8-8B4A-11D0-8D11-00A0C91BC942}") = "11729", "..\11729\11729.vcxproj", "{D6AE5817-631A-427A-9A66-0A7FAFE58914}"
EndProject
Project("{8BC9CEB8-8B4A-11D0-8D11-00A0C91BC942}") = "2798", "..\2798\2798.vcxproj", "{067D0949-5D7C-4806-A396-CF8FA7B9D8DE}"
EndProject
Project("{8BC9CEB8-8B4A-11D0-8D11-00A0C91BC942}") = "17478", "..\17478\17478.vcxproj", "{74E12DE7-F29B-473A-92D5-1B6EE53A7588}"
EndProject
Project("{8BC9CEB8-8B4A-11D0-8D11-00A0C91BC942}") = "7568", "..\7568\7568.vcxproj", "{AE509495-B5EC-4C35-A359-94E6C90FB917}"
EndProject
Project("{8BC9CEB8-8B4A-11D0-8D11-00A0C91BC942}") = "2231", "..\2231\2231.vcxproj", "{D7D0A311-4582-4D99-A32E-06F7C6D7A2D3}"
EndProject
Project("{8BC9CEB8-8B4A-11D0-8D11-00A0C91BC942}") = "1018", "..\1018\1018.vcxproj", "{E116E50A-5AAA-4A9D-BD9B-2543FF2EC457}"
EndProject
Project("{8BC9CEB8-8B4A-11D0-8D11-00A0C91BC942}") = "1436", "..\1436\1436.vcxproj", "{96E09FA6-41D1-4A77-840B-7531E848C9AD}"
EndProject
Project("{8BC9CEB8-8B4A-11D0-8D11-00A0C91BC942}") = "2750", "..\2750\2750.vcxproj", "{D1D3D26A-2F0E-44FA-996B-229E0FA44E39}"
EndProject
Project("{8BC9CEB8-8B4A-11D0-8D11-00A0C91BC942}") = "2751", "..\2751\2751.vcxproj", "{065858CD-F80B-4145-B138-8B61E672C5BE}"
EndProject
Project("{8BC9CEB8-8B4A-11D0-8D11-00A0C91BC942}") = "10989", "..\10989\10989.vcxproj", "{B19ACCDE-2FBF-4CE9-A329-18576CECFB39}"
EndProject
Project("{8BC9CEB8-8B4A-11D0-8D11-00A0C91BC942}") = "2108", "..\2108\2108.vcxproj", "{B0551010-BB70-4BC1-B514-52E11C8A30A5}"
EndProject
Project("{8BC9CEB8-8B4A-11D0-8D11-00A0C91BC942}") = "1427", "..\1427\1427.vcxproj", "{F1340A39-7CD3-49D2-8933-65FA0D8644AA}"
EndProject
Project("{8BC9CEB8-8B4A-11D0-8D11-00A0C91BC942}") = "11650", "..\11650\11650.vcxproj", "{AA09E126-8336-45EB-BC72-9AD507C849EB}"
EndProject
Project("{8BC9CEB8-8B4A-11D0-8D11-00A0C91BC942}") = "11651", "..\11651\11651.vcxproj", "{CB0C25C7-11CE-4A36-BEC0-37D0E5BF9AE9}"
EndProject
Project("{8BC9CEB8-8B4A-11D0-8D11-00A0C91BC942}") = "1181", "..\1181\1181.vcxproj", "{42D1562E-1EAF-4F48-8D2C-09A778D877A1}"
EndProject
Project("{8BC9CEB8-8B4A-11D0-8D11-00A0C91BC942}") = "10814", "..\10814\10814.vcxproj", "{0F87F23E-F5EA-42E7-A681-3E292F998FBB}"
EndProject
Project("{8BC9CEB8-8B4A-11D0-8D11-00A0C91BC942}") = "10718", "..\10718\10718.vcxproj", "{1741224C-B2AC-4B5C-A686-8BAA1E396EB7}"
EndProject
Project("{8BC9CEB8-8B4A-11D0-8D11-00A0C91BC942}") = "25083", "..\25083\25083.vcxproj", "{AD39623C-B3C7-47DD-9FA7-19F8C9D3B21A}"
EndProject
Project("{8BC9CEB8-8B4A-11D0-8D11-00A0C91BC942}") = "10998", "..\10998\10998.vcxproj", "{297DB5BB-F96F-4786-AEEB-9BF2FF74466D}"
EndProject
Project("{8BC9CEB8-8B4A-11D0-8D11-00A0C91BC942}") = "10926", "..\10926\10926.vcxproj", "{11376007-660A-4636-AB6C-482F0B48BF38}"
EndProject
Project("{8BC9CEB8-8B4A-11D0-8D11-00A0C91BC942}") = "18870", "..\18870\18870.vcxproj", "{289D3B3A-0ED2-4441-8C4F-559549582661}"
EndProject
Project("{8BC9CEB8-8B4A-11D0-8D11-00A0C91BC942}") = "10815", "..\10815\10815.vcxproj", "{7663F855-A594-43E4-B0CE-8006A11970D4}"
EndProject
Project("{8BC9CEB8-8B4A-11D0-8D11-00A0C91BC942}") = "14425", "..\14425\14425.vcxproj", "{3B53F86F-E89E-4BC2-B6CE-4ED46B540322}"
EndProject
Project("{8BC9CEB8-8B4A-11D0-8D11-00A0C91BC942}") = "1620", "..\1620\1620.vcxproj", "{53065946-BA84-475F-B702-647871FCC8A5}"
EndProject
Project("{8BC9CEB8-8B4A-11D0-8D11-00A0C91BC942}") = "10816", "..\10816\10816.vcxproj", "{BF8429A1-C365-469F-AD95-DBC99F8A4E7F}"
EndProject
Project("{8BC9CEB8-8B4A-11D0-8D11-00A0C91BC942}") = "1764", "..\1764\1764.vcxproj", "{0C2C2609-F79E-4A7C-BAAF-3FC45851D1C4}"
EndProject
Project("{8BC9CEB8-8B4A-11D0-8D11-00A0C91BC942}") = "2741", "..\2741\2741.vcxproj", "{A79E8F37-1654-47B6-B6D8-2522A154D96A}"
EndProject
Project("{8BC9CEB8-8B4A-11D0-8D11-00A0C91BC942}") = "IUPC_A", "..\IUPC 2022\IUPC_A\IUPC_A.vcxproj", "{6E93DE52-8F88-4B4C-97F6-B82FF5F5FC7F}"
EndProject
Project("{2150E333-8FDC-42A3-9474-1A3956D46DE8}") = "IUPC", "IUPC", "{78E684E4-718C-4046-BC6F-E0EDF5BE89F8}"
EndProject
Project("{8BC9CEB8-8B4A-11D0-8D11-00A0C91BC942}") = "IUPC_B", "..\IUPC 2022\IUPC_B\IUPC_B.vcxproj", "{9CB33532-2B2D-400D-81CB-9EA8E47E9D02}"
EndProject
Project("{8BC9CEB8-8B4A-11D0-8D11-00A0C91BC942}") = "IUPC_C", "..\IUPC 2022\IUPC_C\IUPC_C.vcxproj", "{E490527B-2E5B-42CA-BA13-64A48EAF20DA}"
EndProject
Project("{8BC9CEB8-8B4A-11D0-8D11-00A0C91BC942}") = "IUPC_H", "..\IUPC 2022\IUPC_H\IUPC_H.vcxproj", "{F6F0A353-3E6D-42EE-B54B-E4E24DE887A3}"
EndProject
Project("{8BC9CEB8-8B4A-11D0-8D11-00A0C91BC942}") = "1269", "..\1269\1269.vcxproj", "{C76D054E-F207-4FB7-B996-F9D870E984FC}"
EndProject
Project("{8BC9CEB8-8B4A-11D0-8D11-00A0C91BC942}") = "11478", "..\11478\11478.vcxproj", "{25BF8FCE-60FD-4E7D-89B0-8975AC6D6022}"
EndProject
Project("{8BC9CEB8-8B4A-11D0-8D11-00A0C91BC942}") = "3034", "..\3034\3034.vcxproj", "{A2510D53-369C-4F9C-8108-F1FE98DA3B60}"
EndProject
Project("{8BC9CEB8-8B4A-11D0-8D11-00A0C91BC942}") = "2477", "..\2477\2477.vcxproj", "{DA4BF321-6DC4-497A-8954-68A869AB5982}"
EndProject
Project("{8BC9CEB8-8B4A-11D0-8D11-00A0C91BC942}") = "4673", "..\4673\4673.vcxproj", "{CDDC1D3F-027B-48A6-AE34-0D216742EF19}"
EndProject
Global
	GlobalSection(SolutionConfigurationPlatforms) = preSolution
		Debug|x64 = Debug|x64
		Debug|x86 = Debug|x86
		Release|x64 = Release|x64
		Release|x86 = Release|x86
	EndGlobalSection
	GlobalSection(ProjectConfigurationPlatforms) = postSolution
		{BC8EC449-523F-40CC-99FA-F0B311FC86C7}.Debug|x64.ActiveCfg = Debug|x64
		{BC8EC449-523F-40CC-99FA-F0B311FC86C7}.Debug|x64.Build.0 = Debug|x64
		{BC8EC449-523F-40CC-99FA-F0B311FC86C7}.Debug|x86.ActiveCfg = Debug|Win32
		{BC8EC449-523F-40CC-99FA-F0B311FC86C7}.Debug|x86.Build.0 = Debug|Win32
		{BC8EC449-523F-40CC-99FA-F0B311FC86C7}.Release|x64.ActiveCfg = Release|x64
		{BC8EC449-523F-40CC-99FA-F0B311FC86C7}.Release|x64.Build.0 = Release|x64
		{BC8EC449-523F-40CC-99FA-F0B311FC86C7}.Release|x86.ActiveCfg = Release|Win32
		{BC8EC449-523F-40CC-99FA-F0B311FC86C7}.Release|x86.Build.0 = Release|Win32
		{25ECB6AF-D9CA-4C44-863C-DF7D72A37D50}.Debug|x64.ActiveCfg = Debug|x64
		{25ECB6AF-D9CA-4C44-863C-DF7D72A37D50}.Debug|x64.Build.0 = Debug|x64
		{25ECB6AF-D9CA-4C44-863C-DF7D72A37D50}.Debug|x86.ActiveCfg = Debug|Win32
		{25ECB6AF-D9CA-4C44-863C-DF7D72A37D50}.Debug|x86.Build.0 = Debug|Win32
		{25ECB6AF-D9CA-4C44-863C-DF7D72A37D50}.Release|x64.ActiveCfg = Release|x64
		{25ECB6AF-D9CA-4C44-863C-DF7D72A37D50}.Release|x64.Build.0 = Release|x64
		{25ECB6AF-D9CA-4C44-863C-DF7D72A37D50}.Release|x86.ActiveCfg = Release|Win32
		{25ECB6AF-D9CA-4C44-863C-DF7D72A37D50}.Release|x86.Build.0 = Release|Win32
		{CA3FAB88-8911-492C-A1B3-CA6F6B14223F}.Debug|x64.ActiveCfg = Debug|x64
		{CA3FAB88-8911-492C-A1B3-CA6F6B14223F}.Debug|x64.Build.0 = Debug|x64
		{CA3FAB88-8911-492C-A1B3-CA6F6B14223F}.Debug|x86.ActiveCfg = Debug|Win32
		{CA3FAB88-8911-492C-A1B3-CA6F6B14223F}.Debug|x86.Build.0 = Debug|Win32
		{CA3FAB88-8911-492C-A1B3-CA6F6B14223F}.Release|x64.ActiveCfg = Release|x64
		{CA3FAB88-8911-492C-A1B3-CA6F6B14223F}.Release|x64.Build.0 = Release|x64
		{CA3FAB88-8911-492C-A1B3-CA6F6B14223F}.Release|x86.ActiveCfg = Release|Win32
		{CA3FAB88-8911-492C-A1B3-CA6F6B14223F}.Release|x86.Build.0 = Release|Win32
		{4508BED9-D202-4141-B84C-6F7A4096CBC8}.Debug|x64.ActiveCfg = Debug|x64
		{4508BED9-D202-4141-B84C-6F7A4096CBC8}.Debug|x64.Build.0 = Debug|x64
		{4508BED9-D202-4141-B84C-6F7A4096CBC8}.Debug|x86.ActiveCfg = Debug|Win32
		{4508BED9-D202-4141-B84C-6F7A4096CBC8}.Debug|x86.Build.0 = Debug|Win32
		{4508BED9-D202-4141-B84C-6F7A4096CBC8}.Release|x64.ActiveCfg = Release|x64
		{4508BED9-D202-4141-B84C-6F7A4096CBC8}.Release|x64.Build.0 = Release|x64
		{4508BED9-D202-4141-B84C-6F7A4096CBC8}.Release|x86.ActiveCfg = Release|Win32
		{4508BED9-D202-4141-B84C-6F7A4096CBC8}.Release|x86.Build.0 = Release|Win32
		{F9A59FF6-339F-4EE1-B17C-9CDBF27A020E}.Debug|x64.ActiveCfg = Debug|x64
		{F9A59FF6-339F-4EE1-B17C-9CDBF27A020E}.Debug|x64.Build.0 = Debug|x64
		{F9A59FF6-339F-4EE1-B17C-9CDBF27A020E}.Debug|x86.ActiveCfg = Debug|Win32
		{F9A59FF6-339F-4EE1-B17C-9CDBF27A020E}.Debug|x86.Build.0 = Debug|Win32
		{F9A59FF6-339F-4EE1-B17C-9CDBF27A020E}.Release|x64.ActiveCfg = Release|x64
		{F9A59FF6-339F-4EE1-B17C-9CDBF27A020E}.Release|x64.Build.0 = Release|x64
		{F9A59FF6-339F-4EE1-B17C-9CDBF27A020E}.Release|x86.ActiveCfg = Release|Win32
		{F9A59FF6-339F-4EE1-B17C-9CDBF27A020E}.Release|x86.Build.0 = Release|Win32
		{C30BF470-98D7-4319-9B45-0AA6721B3CE8}.Debug|x64.ActiveCfg = Debug|x64
		{C30BF470-98D7-4319-9B45-0AA6721B3CE8}.Debug|x64.Build.0 = Debug|x64
		{C30BF470-98D7-4319-9B45-0AA6721B3CE8}.Debug|x86.ActiveCfg = Debug|Win32
		{C30BF470-98D7-4319-9B45-0AA6721B3CE8}.Debug|x86.Build.0 = Debug|Win32
		{C30BF470-98D7-4319-9B45-0AA6721B3CE8}.Release|x64.ActiveCfg = Release|x64
		{C30BF470-98D7-4319-9B45-0AA6721B3CE8}.Release|x64.Build.0 = Release|x64
		{C30BF470-98D7-4319-9B45-0AA6721B3CE8}.Release|x86.ActiveCfg = Release|Win32
		{C30BF470-98D7-4319-9B45-0AA6721B3CE8}.Release|x86.Build.0 = Release|Win32
		{EF48A8F9-1203-49C1-B92C-DC54ADDFB35C}.Debug|x64.ActiveCfg = Debug|x64
		{EF48A8F9-1203-49C1-B92C-DC54ADDFB35C}.Debug|x64.Build.0 = Debug|x64
		{EF48A8F9-1203-49C1-B92C-DC54ADDFB35C}.Debug|x86.ActiveCfg = Debug|Win32
		{EF48A8F9-1203-49C1-B92C-DC54ADDFB35C}.Debug|x86.Build.0 = Debug|Win32
		{EF48A8F9-1203-49C1-B92C-DC54ADDFB35C}.Release|x64.ActiveCfg = Release|x64
		{EF48A8F9-1203-49C1-B92C-DC54ADDFB35C}.Release|x64.Build.0 = Release|x64
		{EF48A8F9-1203-49C1-B92C-DC54ADDFB35C}.Release|x86.ActiveCfg = Release|Win32
		{EF48A8F9-1203-49C1-B92C-DC54ADDFB35C}.Release|x86.Build.0 = Release|Win32
		{3B5B08D7-4D94-4CB3-86D5-C96EC232FF95}.Debug|x64.ActiveCfg = Debug|x64
		{3B5B08D7-4D94-4CB3-86D5-C96EC232FF95}.Debug|x64.Build.0 = Debug|x64
		{3B5B08D7-4D94-4CB3-86D5-C96EC232FF95}.Debug|x86.ActiveCfg = Debug|Win32
		{3B5B08D7-4D94-4CB3-86D5-C96EC232FF95}.Debug|x86.Build.0 = Debug|Win32
		{3B5B08D7-4D94-4CB3-86D5-C96EC232FF95}.Release|x64.ActiveCfg = Release|x64
		{3B5B08D7-4D94-4CB3-86D5-C96EC232FF95}.Release|x64.Build.0 = Release|x64
		{3B5B08D7-4D94-4CB3-86D5-C96EC232FF95}.Release|x86.ActiveCfg = Release|Win32
		{3B5B08D7-4D94-4CB3-86D5-C96EC232FF95}.Release|x86.Build.0 = Release|Win32
		{964634C2-E0C1-43C6-BCDE-63CD64A90609}.Debug|x64.ActiveCfg = Debug|x64
		{964634C2-E0C1-43C6-BCDE-63CD64A90609}.Debug|x64.Build.0 = Debug|x64
		{964634C2-E0C1-43C6-BCDE-63CD64A90609}.Debug|x86.ActiveCfg = Debug|Win32
		{964634C2-E0C1-43C6-BCDE-63CD64A90609}.Debug|x86.Build.0 = Debug|Win32
		{964634C2-E0C1-43C6-BCDE-63CD64A90609}.Release|x64.ActiveCfg = Release|x64
		{964634C2-E0C1-43C6-BCDE-63CD64A90609}.Release|x64.Build.0 = Release|x64
		{964634C2-E0C1-43C6-BCDE-63CD64A90609}.Release|x86.ActiveCfg = Release|Win32
		{964634C2-E0C1-43C6-BCDE-63CD64A90609}.Release|x86.Build.0 = Release|Win32
		{31A073DF-DA95-450E-8A30-394C605E93B0}.Debug|x64.ActiveCfg = Debug|x64
		{31A073DF-DA95-450E-8A30-394C605E93B0}.Debug|x64.Build.0 = Debug|x64
		{31A073DF-DA95-450E-8A30-394C605E93B0}.Debug|x86.ActiveCfg = Debug|Win32
		{31A073DF-DA95-450E-8A30-394C605E93B0}.Debug|x86.Build.0 = Debug|Win32
		{31A073DF-DA95-450E-8A30-394C605E93B0}.Release|x64.ActiveCfg = Release|x64
		{31A073DF-DA95-450E-8A30-394C605E93B0}.Release|x64.Build.0 = Release|x64
		{31A073DF-DA95-450E-8A30-394C605E93B0}.Release|x86.ActiveCfg = Release|Win32
		{31A073DF-DA95-450E-8A30-394C605E93B0}.Release|x86.Build.0 = Release|Win32
		{955C36BA-E484-4F1B-B780-F1FA2ECC74C4}.Debug|x64.ActiveCfg = Debug|x64
		{955C36BA-E484-4F1B-B780-F1FA2ECC74C4}.Debug|x64.Build.0 = Debug|x64
		{955C36BA-E484-4F1B-B780-F1FA2ECC74C4}.Debug|x86.ActiveCfg = Debug|Win32
		{955C36BA-E484-4F1B-B780-F1FA2ECC74C4}.Debug|x86.Build.0 = Debug|Win32
		{955C36BA-E484-4F1B-B780-F1FA2ECC74C4}.Release|x64.ActiveCfg = Release|x64
		{955C36BA-E484-4F1B-B780-F1FA2ECC74C4}.Release|x64.Build.0 = Release|x64
		{955C36BA-E484-4F1B-B780-F1FA2ECC74C4}.Release|x86.ActiveCfg = Release|Win32
		{955C36BA-E484-4F1B-B780-F1FA2ECC74C4}.Release|x86.Build.0 = Release|Win32
		{BAF27628-0E85-49DC-B7C2-9492DE93FD0B}.Debug|x64.ActiveCfg = Debug|x64
		{BAF27628-0E85-49DC-B7C2-9492DE93FD0B}.Debug|x64.Build.0 = Debug|x64
		{BAF27628-0E85-49DC-B7C2-9492DE93FD0B}.Debug|x86.ActiveCfg = Debug|Win32
		{BAF27628-0E85-49DC-B7C2-9492DE93FD0B}.Debug|x86.Build.0 = Debug|Win32
		{BAF27628-0E85-49DC-B7C2-9492DE93FD0B}.Release|x64.ActiveCfg = Release|x64
		{BAF27628-0E85-49DC-B7C2-9492DE93FD0B}.Release|x64.Build.0 = Release|x64
		{BAF27628-0E85-49DC-B7C2-9492DE93FD0B}.Release|x86.ActiveCfg = Release|Win32
		{BAF27628-0E85-49DC-B7C2-9492DE93FD0B}.Release|x86.Build.0 = Release|Win32
		{E48F890C-48B8-4444-A60A-074D2FE643B2}.Debug|x64.ActiveCfg = Debug|x64
		{E48F890C-48B8-4444-A60A-074D2FE643B2}.Debug|x64.Build.0 = Debug|x64
		{E48F890C-48B8-4444-A60A-074D2FE643B2}.Debug|x86.ActiveCfg = Debug|Win32
		{E48F890C-48B8-4444-A60A-074D2FE643B2}.Debug|x86.Build.0 = Debug|Win32
		{E48F890C-48B8-4444-A60A-074D2FE643B2}.Release|x64.ActiveCfg = Release|x64
		{E48F890C-48B8-4444-A60A-074D2FE643B2}.Release|x64.Build.0 = Release|x64
		{E48F890C-48B8-4444-A60A-074D2FE643B2}.Release|x86.ActiveCfg = Release|Win32
		{E48F890C-48B8-4444-A60A-074D2FE643B2}.Release|x86.Build.0 = Release|Win32
		{E34C3439-D358-4883-BCC9-A9E4BEDEC8BF}.Debug|x64.ActiveCfg = Debug|x64
		{E34C3439-D358-4883-BCC9-A9E4BEDEC8BF}.Debug|x64.Build.0 = Debug|x64
		{E34C3439-D358-4883-BCC9-A9E4BEDEC8BF}.Debug|x86.ActiveCfg = Debug|Win32
		{E34C3439-D358-4883-BCC9-A9E4BEDEC8BF}.Debug|x86.Build.0 = Debug|Win32
		{E34C3439-D358-4883-BCC9-A9E4BEDEC8BF}.Release|x64.ActiveCfg = Release|x64
		{E34C3439-D358-4883-BCC9-A9E4BEDEC8BF}.Release|x64.Build.0 = Release|x64
		{E34C3439-D358-4883-BCC9-A9E4BEDEC8BF}.Release|x86.ActiveCfg = Release|Win32
		{E34C3439-D358-4883-BCC9-A9E4BEDEC8BF}.Release|x86.Build.0 = Release|Win32
		{415EDE96-E3BD-4E43-9C7E-3E39E7A8EC21}.Debug|x64.ActiveCfg = Debug|x64
		{415EDE96-E3BD-4E43-9C7E-3E39E7A8EC21}.Debug|x64.Build.0 = Debug|x64
		{415EDE96-E3BD-4E43-9C7E-3E39E7A8EC21}.Debug|x86.ActiveCfg = Debug|Win32
		{415EDE96-E3BD-4E43-9C7E-3E39E7A8EC21}.Debug|x86.Build.0 = Debug|Win32
		{415EDE96-E3BD-4E43-9C7E-3E39E7A8EC21}.Release|x64.ActiveCfg = Release|x64
		{415EDE96-E3BD-4E43-9C7E-3E39E7A8EC21}.Release|x64.Build.0 = Release|x64
		{415EDE96-E3BD-4E43-9C7E-3E39E7A8EC21}.Release|x86.ActiveCfg = Release|Win32
		{415EDE96-E3BD-4E43-9C7E-3E39E7A8EC21}.Release|x86.Build.0 = Release|Win32
		{113F13AB-7419-4F62-A542-A86F2D1295FB}.Debug|x64.ActiveCfg = Debug|x64
		{113F13AB-7419-4F62-A542-A86F2D1295FB}.Debug|x64.Build.0 = Debug|x64
		{113F13AB-7419-4F62-A542-A86F2D1295FB}.Debug|x86.ActiveCfg = Debug|Win32
		{113F13AB-7419-4F62-A542-A86F2D1295FB}.Debug|x86.Build.0 = Debug|Win32
		{113F13AB-7419-4F62-A542-A86F2D1295FB}.Release|x64.ActiveCfg = Release|x64
		{113F13AB-7419-4F62-A542-A86F2D1295FB}.Release|x64.Build.0 = Release|x64
		{113F13AB-7419-4F62-A542-A86F2D1295FB}.Release|x86.ActiveCfg = Release|Win32
		{113F13AB-7419-4F62-A542-A86F2D1295FB}.Release|x86.Build.0 = Release|Win32
		{5AE9B37C-744A-4BE9-875D-C890B04D1489}.Debug|x64.ActiveCfg = Debug|x64
		{5AE9B37C-744A-4BE9-875D-C890B04D1489}.Debug|x64.Build.0 = Debug|x64
		{5AE9B37C-744A-4BE9-875D-C890B04D1489}.Debug|x86.ActiveCfg = Debug|Win32
		{5AE9B37C-744A-4BE9-875D-C890B04D1489}.Debug|x86.Build.0 = Debug|Win32
		{5AE9B37C-744A-4BE9-875D-C890B04D1489}.Release|x64.ActiveCfg = Release|x64
		{5AE9B37C-744A-4BE9-875D-C890B04D1489}.Release|x64.Build.0 = Release|x64
		{5AE9B37C-744A-4BE9-875D-C890B04D1489}.Release|x86.ActiveCfg = Release|Win32
		{5AE9B37C-744A-4BE9-875D-C890B04D1489}.Release|x86.Build.0 = Release|Win32
		{DC8E2532-2B9C-4785-96D3-6EECBF91CD71}.Debug|x64.ActiveCfg = Debug|x64
		{DC8E2532-2B9C-4785-96D3-6EECBF91CD71}.Debug|x64.Build.0 = Debug|x64
		{DC8E2532-2B9C-4785-96D3-6EECBF91CD71}.Debug|x86.ActiveCfg = Debug|Win32
		{DC8E2532-2B9C-4785-96D3-6EECBF91CD71}.Debug|x86.Build.0 = Debug|Win32
		{DC8E2532-2B9C-4785-96D3-6EECBF91CD71}.Release|x64.ActiveCfg = Release|x64
		{DC8E2532-2B9C-4785-96D3-6EECBF91CD71}.Release|x64.Build.0 = Release|x64
		{DC8E2532-2B9C-4785-96D3-6EECBF91CD71}.Release|x86.ActiveCfg = Release|Win32
		{DC8E2532-2B9C-4785-96D3-6EECBF91CD71}.Release|x86.Build.0 = Release|Win32
		{7D7CA021-FA40-488E-97A2-15804265BCCA}.Debug|x64.ActiveCfg = Debug|x64
		{7D7CA021-FA40-488E-97A2-15804265BCCA}.Debug|x64.Build.0 = Debug|x64
		{7D7CA021-FA40-488E-97A2-15804265BCCA}.Debug|x86.ActiveCfg = Debug|Win32
		{7D7CA021-FA40-488E-97A2-15804265BCCA}.Debug|x86.Build.0 = Debug|Win32
		{7D7CA021-FA40-488E-97A2-15804265BCCA}.Release|x64.ActiveCfg = Release|x64
		{7D7CA021-FA40-488E-97A2-15804265BCCA}.Release|x64.Build.0 = Release|x64
		{7D7CA021-FA40-488E-97A2-15804265BCCA}.Release|x86.ActiveCfg = Release|Win32
		{7D7CA021-FA40-488E-97A2-15804265BCCA}.Release|x86.Build.0 = Release|Win32
		{B19F1E9A-5FCF-42A1-B4A9-4A79DB332E18}.Debug|x64.ActiveCfg = Debug|x64
		{B19F1E9A-5FCF-42A1-B4A9-4A79DB332E18}.Debug|x64.Build.0 = Debug|x64
		{B19F1E9A-5FCF-42A1-B4A9-4A79DB332E18}.Debug|x86.ActiveCfg = Debug|Win32
		{B19F1E9A-5FCF-42A1-B4A9-4A79DB332E18}.Debug|x86.Build.0 = Debug|Win32
		{B19F1E9A-5FCF-42A1-B4A9-4A79DB332E18}.Release|x64.ActiveCfg = Release|x64
		{B19F1E9A-5FCF-42A1-B4A9-4A79DB332E18}.Release|x64.Build.0 = Release|x64
		{B19F1E9A-5FCF-42A1-B4A9-4A79DB332E18}.Release|x86.ActiveCfg = Release|Win32
		{B19F1E9A-5FCF-42A1-B4A9-4A79DB332E18}.Release|x86.Build.0 = Release|Win32
		{F8DE8B2B-FCA8-4F53-BE4A-8AFDB14A9D89}.Debug|x64.ActiveCfg = Debug|x64
		{F8DE8B2B-FCA8-4F53-BE4A-8AFDB14A9D89}.Debug|x64.Build.0 = Debug|x64
		{F8DE8B2B-FCA8-4F53-BE4A-8AFDB14A9D89}.Debug|x86.ActiveCfg = Debug|Win32
		{F8DE8B2B-FCA8-4F53-BE4A-8AFDB14A9D89}.Debug|x86.Build.0 = Debug|Win32
		{F8DE8B2B-FCA8-4F53-BE4A-8AFDB14A9D89}.Release|x64.ActiveCfg = Release|x64
		{F8DE8B2B-FCA8-4F53-BE4A-8AFDB14A9D89}.Release|x64.Build.0 = Release|x64
		{F8DE8B2B-FCA8-4F53-BE4A-8AFDB14A9D89}.Release|x86.ActiveCfg = Release|Win32
		{F8DE8B2B-FCA8-4F53-BE4A-8AFDB14A9D89}.Release|x86.Build.0 = Release|Win32
		{B361183D-B66D-4E79-B306-849A290875EB}.Debug|x64.ActiveCfg = Debug|x64
		{B361183D-B66D-4E79-B306-849A290875EB}.Debug|x64.Build.0 = Debug|x64
		{B361183D-B66D-4E79-B306-849A290875EB}.Debug|x86.ActiveCfg = Debug|Win32
		{B361183D-B66D-4E79-B306-849A290875EB}.Debug|x86.Build.0 = Debug|Win32
		{B361183D-B66D-4E79-B306-849A290875EB}.Release|x64.ActiveCfg = Release|x64
		{B361183D-B66D-4E79-B306-849A290875EB}.Release|x64.Build.0 = Release|x64
		{B361183D-B66D-4E79-B306-849A290875EB}.Release|x86.ActiveCfg = Release|Win32
		{B361183D-B66D-4E79-B306-849A290875EB}.Release|x86.Build.0 = Release|Win32
		{D6AE5817-631A-427A-9A66-0A7FAFE58914}.Debug|x64.ActiveCfg = Debug|x64
		{D6AE5817-631A-427A-9A66-0A7FAFE58914}.Debug|x64.Build.0 = Debug|x64
		{D6AE5817-631A-427A-9A66-0A7FAFE58914}.Debug|x86.ActiveCfg = Debug|Win32
		{D6AE5817-631A-427A-9A66-0A7FAFE58914}.Debug|x86.Build.0 = Debug|Win32
		{D6AE5817-631A-427A-9A66-0A7FAFE58914}.Release|x64.ActiveCfg = Release|x64
		{D6AE5817-631A-427A-9A66-0A7FAFE58914}.Release|x64.Build.0 = Release|x64
		{D6AE5817-631A-427A-9A66-0A7FAFE58914}.Release|x86.ActiveCfg = Release|Win32
		{D6AE5817-631A-427A-9A66-0A7FAFE58914}.Release|x86.Build.0 = Release|Win32
		{067D0949-5D7C-4806-A396-CF8FA7B9D8DE}.Debug|x64.ActiveCfg = Debug|x64
		{067D0949-5D7C-4806-A396-CF8FA7B9D8DE}.Debug|x64.Build.0 = Debug|x64
		{067D0949-5D7C-4806-A396-CF8FA7B9D8DE}.Debug|x86.ActiveCfg = Debug|Win32
		{067D0949-5D7C-4806-A396-CF8FA7B9D8DE}.Debug|x86.Build.0 = Debug|Win32
		{067D0949-5D7C-4806-A396-CF8FA7B9D8DE}.Release|x64.ActiveCfg = Release|x64
		{067D0949-5D7C-4806-A396-CF8FA7B9D8DE}.Release|x64.Build.0 = Release|x64
		{067D0949-5D7C-4806-A396-CF8FA7B9D8DE}.Release|x86.ActiveCfg = Release|Win32
		{067D0949-5D7C-4806-A396-CF8FA7B9D8DE}.Release|x86.Build.0 = Release|Win32
		{74E12DE7-F29B-473A-92D5-1B6EE53A7588}.Debug|x64.ActiveCfg = Debug|x64
		{74E12DE7-F29B-473A-92D5-1B6EE53A7588}.Debug|x64.Build.0 = Debug|x64
		{74E12DE7-F29B-473A-92D5-1B6EE53A7588}.Debug|x86.ActiveCfg = Debug|Win32
		{74E12DE7-F29B-473A-92D5-1B6EE53A7588}.Debug|x86.Build.0 = Debug|Win32
		{74E12DE7-F29B-473A-92D5-1B6EE53A7588}.Release|x64.ActiveCfg = Release|x64
		{74E12DE7-F29B-473A-92D5-1B6EE53A7588}.Release|x64.Build.0 = Release|x64
		{74E12DE7-F29B-473A-92D5-1B6EE53A7588}.Release|x86.ActiveCfg = Release|Win32
		{74E12DE7-F29B-473A-92D5-1B6EE53A7588}.Release|x86.Build.0 = Release|Win32
		{AE509495-B5EC-4C35-A359-94E6C90FB917}.Debug|x64.ActiveCfg = Debug|x64
		{AE509495-B5EC-4C35-A359-94E6C90FB917}.Debug|x64.Build.0 = Debug|x64
		{AE509495-B5EC-4C35-A359-94E6C90FB917}.Debug|x86.ActiveCfg = Debug|Win32
		{AE509495-B5EC-4C35-A359-94E6C90FB917}.Debug|x86.Build.0 = Debug|Win32
		{AE509495-B5EC-4C35-A359-94E6C90FB917}.Release|x64.ActiveCfg = Release|x64
		{AE509495-B5EC-4C35-A359-94E6C90FB917}.Release|x64.Build.0 = Release|x64
		{AE509495-B5EC-4C35-A359-94E6C90FB917}.Release|x86.ActiveCfg = Release|Win32
		{AE509495-B5EC-4C35-A359-94E6C90FB917}.Release|x86.Build.0 = Release|Win32
		{D7D0A311-4582-4D99-A32E-06F7C6D7A2D3}.Debug|x64.ActiveCfg = Debug|x64
		{D7D0A311-4582-4D99-A32E-06F7C6D7A2D3}.Debug|x64.Build.0 = Debug|x64
		{D7D0A311-4582-4D99-A32E-06F7C6D7A2D3}.Debug|x86.ActiveCfg = Debug|Win32
		{D7D0A311-4582-4D99-A32E-06F7C6D7A2D3}.Debug|x86.Build.0 = Debug|Win32
		{D7D0A311-4582-4D99-A32E-06F7C6D7A2D3}.Release|x64.ActiveCfg = Release|x64
		{D7D0A311-4582-4D99-A32E-06F7C6D7A2D3}.Release|x64.Build.0 = Release|x64
		{D7D0A311-4582-4D99-A32E-06F7C6D7A2D3}.Release|x86.ActiveCfg = Release|Win32
		{D7D0A311-4582-4D99-A32E-06F7C6D7A2D3}.Release|x86.Build.0 = Release|Win32
		{E116E50A-5AAA-4A9D-BD9B-2543FF2EC457}.Debug|x64.ActiveCfg = Debug|x64
		{E116E50A-5AAA-4A9D-BD9B-2543FF2EC457}.Debug|x64.Build.0 = Debug|x64
		{E116E50A-5AAA-4A9D-BD9B-2543FF2EC457}.Debug|x86.ActiveCfg = Debug|Win32
		{E116E50A-5AAA-4A9D-BD9B-2543FF2EC457}.Debug|x86.Build.0 = Debug|Win32
		{E116E50A-5AAA-4A9D-BD9B-2543FF2EC457}.Release|x64.ActiveCfg = Release|x64
		{E116E50A-5AAA-4A9D-BD9B-2543FF2EC457}.Release|x64.Build.0 = Release|x64
		{E116E50A-5AAA-4A9D-BD9B-2543FF2EC457}.Release|x86.ActiveCfg = Release|Win32
		{E116E50A-5AAA-4A9D-BD9B-2543FF2EC457}.Release|x86.Build.0 = Release|Win32
		{96E09FA6-41D1-4A77-840B-7531E848C9AD}.Debug|x64.ActiveCfg = Debug|x64
		{96E09FA6-41D1-4A77-840B-7531E848C9AD}.Debug|x64.Build.0 = Debug|x64
		{96E09FA6-41D1-4A77-840B-7531E848C9AD}.Debug|x86.ActiveCfg = Debug|Win32
		{96E09FA6-41D1-4A77-840B-7531E848C9AD}.Debug|x86.Build.0 = Debug|Win32
		{96E09FA6-41D1-4A77-840B-7531E848C9AD}.Release|x64.ActiveCfg = Release|x64
		{96E09FA6-41D1-4A77-840B-7531E848C9AD}.Release|x64.Build.0 = Release|x64
		{96E09FA6-41D1-4A77-840B-7531E848C9AD}.Release|x86.ActiveCfg = Release|Win32
		{96E09FA6-41D1-4A77-840B-7531E848C9AD}.Release|x86.Build.0 = Release|Win32
		{D1D3D26A-2F0E-44FA-996B-229E0FA44E39}.Debug|x64.ActiveCfg = Debug|x64
		{D1D3D26A-2F0E-44FA-996B-229E0FA44E39}.Debug|x64.Build.0 = Debug|x64
		{D1D3D26A-2F0E-44FA-996B-229E0FA44E39}.Debug|x86.ActiveCfg = Debug|Win32
		{D1D3D26A-2F0E-44FA-996B-229E0FA44E39}.Debug|x86.Build.0 = Debug|Win32
		{D1D3D26A-2F0E-44FA-996B-229E0FA44E39}.Release|x64.ActiveCfg = Release|x64
		{D1D3D26A-2F0E-44FA-996B-229E0FA44E39}.Release|x64.Build.0 = Release|x64
		{D1D3D26A-2F0E-44FA-996B-229E0FA44E39}.Release|x86.ActiveCfg = Release|Win32
		{D1D3D26A-2F0E-44FA-996B-229E0FA44E39}.Release|x86.Build.0 = Release|Win32
		{065858CD-F80B-4145-B138-8B61E672C5BE}.Debug|x64.ActiveCfg = Debug|x64
		{065858CD-F80B-4145-B138-8B61E672C5BE}.Debug|x64.Build.0 = Debug|x64
		{065858CD-F80B-4145-B138-8B61E672C5BE}.Debug|x86.ActiveCfg = Debug|Win32
		{065858CD-F80B-4145-B138-8B61E672C5BE}.Debug|x86.Build.0 = Debug|Win32
		{065858CD-F80B-4145-B138-8B61E672C5BE}.Release|x64.ActiveCfg = Release|x64
		{065858CD-F80B-4145-B138-8B61E672C5BE}.Release|x64.Build.0 = Release|x64
		{065858CD-F80B-4145-B138-8B61E672C5BE}.Release|x86.ActiveCfg = Release|Win32
		{065858CD-F80B-4145-B138-8B61E672C5BE}.Release|x86.Build.0 = Release|Win32
		{B19ACCDE-2FBF-4CE9-A329-18576CECFB39}.Debug|x64.ActiveCfg = Debug|x64
		{B19ACCDE-2FBF-4CE9-A329-18576CECFB39}.Debug|x64.Build.0 = Debug|x64
		{B19ACCDE-2FBF-4CE9-A329-18576CECFB39}.Debug|x86.ActiveCfg = Debug|Win32
		{B19ACCDE-2FBF-4CE9-A329-18576CECFB39}.Debug|x86.Build.0 = Debug|Win32
		{B19ACCDE-2FBF-4CE9-A329-18576CECFB39}.Release|x64.ActiveCfg = Release|x64
		{B19ACCDE-2FBF-4CE9-A329-18576CECFB39}.Release|x64.Build.0 = Release|x64
		{B19ACCDE-2FBF-4CE9-A329-18576CECFB39}.Release|x86.ActiveCfg = Release|Win32
		{B19ACCDE-2FBF-4CE9-A329-18576CECFB39}.Release|x86.Build.0 = Release|Win32
		{B0551010-BB70-4BC1-B514-52E11C8A30A5}.Debug|x64.ActiveCfg = Debug|x64
		{B0551010-BB70-4BC1-B514-52E11C8A30A5}.Debug|x64.Build.0 = Debug|x64
		{B0551010-BB70-4BC1-B514-52E11C8A30A5}.Debug|x86.ActiveCfg = Debug|Win32
		{B0551010-BB70-4BC1-B514-52E11C8A30A5}.Debug|x86.Build.0 = Debug|Win32
		{B0551010-BB70-4BC1-B514-52E11C8A30A5}.Release|x64.ActiveCfg = Release|x64
		{B0551010-BB70-4BC1-B514-52E11C8A30A5}.Release|x64.Build.0 = Release|x64
		{B0551010-BB70-4BC1-B514-52E11C8A30A5}.Release|x86.ActiveCfg = Release|Win32
		{B0551010-BB70-4BC1-B514-52E11C8A30A5}.Release|x86.Build.0 = Release|Win32
		{F1340A39-7CD3-49D2-8933-65FA0D8644AA}.Debug|x64.ActiveCfg = Debug|x64
		{F1340A39-7CD3-49D2-8933-65FA0D8644AA}.Debug|x64.Build.0 = Debug|x64
		{F1340A39-7CD3-49D2-8933-65FA0D8644AA}.Debug|x86.ActiveCfg = Debug|Win32
		{F1340A39-7CD3-49D2-8933-65FA0D8644AA}.Debug|x86.Build.0 = Debug|Win32
		{F1340A39-7CD3-49D2-8933-65FA0D8644AA}.Release|x64.ActiveCfg = Release|x64
		{F1340A39-7CD3-49D2-8933-65FA0D8644AA}.Release|x64.Build.0 = Release|x64
		{F1340A39-7CD3-49D2-8933-65FA0D8644AA}.Release|x86.ActiveCfg = Release|Win32
		{F1340A39-7CD3-49D2-8933-65FA0D8644AA}.Release|x86.Build.0 = Release|Win32
		{AA09E126-8336-45EB-BC72-9AD507C849EB}.Debug|x64.ActiveCfg = Debug|x64
		{AA09E126-8336-45EB-BC72-9AD507C849EB}.Debug|x64.Build.0 = Debug|x64
		{AA09E126-8336-45EB-BC72-9AD507C849EB}.Debug|x86.ActiveCfg = Debug|Win32
		{AA09E126-8336-45EB-BC72-9AD507C849EB}.Debug|x86.Build.0 = Debug|Win32
		{AA09E126-8336-45EB-BC72-9AD507C849EB}.Release|x64.ActiveCfg = Release|x64
		{AA09E126-8336-45EB-BC72-9AD507C849EB}.Release|x64.Build.0 = Release|x64
		{AA09E126-8336-45EB-BC72-9AD507C849EB}.Release|x86.ActiveCfg = Release|Win32
		{AA09E126-8336-45EB-BC72-9AD507C849EB}.Release|x86.Build.0 = Release|Win32
		{CB0C25C7-11CE-4A36-BEC0-37D0E5BF9AE9}.Debug|x64.ActiveCfg = Debug|x64
		{CB0C25C7-11CE-4A36-BEC0-37D0E5BF9AE9}.Debug|x64.Build.0 = Debug|x64
		{CB0C25C7-11CE-4A36-BEC0-37D0E5BF9AE9}.Debug|x86.ActiveCfg = Debug|Win32
		{CB0C25C7-11CE-4A36-BEC0-37D0E5BF9AE9}.Debug|x86.Build.0 = Debug|Win32
		{CB0C25C7-11CE-4A36-BEC0-37D0E5BF9AE9}.Release|x64.ActiveCfg = Release|x64
		{CB0C25C7-11CE-4A36-BEC0-37D0E5BF9AE9}.Release|x64.Build.0 = Release|x64
		{CB0C25C7-11CE-4A36-BEC0-37D0E5BF9AE9}.Release|x86.ActiveCfg = Release|Win32
		{CB0C25C7-11CE-4A36-BEC0-37D0E5BF9AE9}.Release|x86.Build.0 = Release|Win32
		{42D1562E-1EAF-4F48-8D2C-09A778D877A1}.Debug|x64.ActiveCfg = Debug|x64
		{42D1562E-1EAF-4F48-8D2C-09A778D877A1}.Debug|x64.Build.0 = Debug|x64
		{42D1562E-1EAF-4F48-8D2C-09A778D877A1}.Debug|x86.ActiveCfg = Debug|Win32
		{42D1562E-1EAF-4F48-8D2C-09A778D877A1}.Debug|x86.Build.0 = Debug|Win32
		{42D1562E-1EAF-4F48-8D2C-09A778D877A1}.Release|x64.ActiveCfg = Release|x64
		{42D1562E-1EAF-4F48-8D2C-09A778D877A1}.Release|x64.Build.0 = Release|x64
		{42D1562E-1EAF-4F48-8D2C-09A778D877A1}.Release|x86.ActiveCfg = Release|Win32
		{42D1562E-1EAF-4F48-8D2C-09A778D877A1}.Release|x86.Build.0 = Release|Win32
		{0F87F23E-F5EA-42E7-A681-3E292F998FBB}.Debug|x64.ActiveCfg = Debug|x64
		{0F87F23E-F5EA-42E7-A681-3E292F998FBB}.Debug|x64.Build.0 = Debug|x64
		{0F87F23E-F5EA-42E7-A681-3E292F998FBB}.Debug|x86.ActiveCfg = Debug|Win32
		{0F87F23E-F5EA-42E7-A681-3E292F998FBB}.Debug|x86.Build.0 = Debug|Win32
		{0F87F23E-F5EA-42E7-A681-3E292F998FBB}.Release|x64.ActiveCfg = Release|x64
		{0F87F23E-F5EA-42E7-A681-3E292F998FBB}.Release|x64.Build.0 = Release|x64
		{0F87F23E-F5EA-42E7-A681-3E292F998FBB}.Release|x86.ActiveCfg = Release|Win32
		{0F87F23E-F5EA-42E7-A681-3E292F998FBB}.Release|x86.Build.0 = Release|Win32
		{1741224C-B2AC-4B5C-A686-8BAA1E396EB7}.Debug|x64.ActiveCfg = Debug|x64
		{1741224C-B2AC-4B5C-A686-8BAA1E396EB7}.Debug|x64.Build.0 = Debug|x64
		{1741224C-B2AC-4B5C-A686-8BAA1E396EB7}.Debug|x86.ActiveCfg = Debug|Win32
		{1741224C-B2AC-4B5C-A686-8BAA1E396EB7}.Debug|x86.Build.0 = Debug|Win32
		{1741224C-B2AC-4B5C-A686-8BAA1E396EB7}.Release|x64.ActiveCfg = Release|x64
		{1741224C-B2AC-4B5C-A686-8BAA1E396EB7}.Release|x64.Build.0 = Release|x64
		{1741224C-B2AC-4B5C-A686-8BAA1E396EB7}.Release|x86.ActiveCfg = Release|Win32
		{1741224C-B2AC-4B5C-A686-8BAA1E396EB7}.Release|x86.Build.0 = Release|Win32
		{AD39623C-B3C7-47DD-9FA7-19F8C9D3B21A}.Debug|x64.ActiveCfg = Debug|x64
		{AD39623C-B3C7-47DD-9FA7-19F8C9D3B21A}.Debug|x64.Build.0 = Debug|x64
		{AD39623C-B3C7-47DD-9FA7-19F8C9D3B21A}.Debug|x86.ActiveCfg = Debug|Win32
		{AD39623C-B3C7-47DD-9FA7-19F8C9D3B21A}.Debug|x86.Build.0 = Debug|Win32
		{AD39623C-B3C7-47DD-9FA7-19F8C9D3B21A}.Release|x64.ActiveCfg = Release|x64
		{AD39623C-B3C7-47DD-9FA7-19F8C9D3B21A}.Release|x64.Build.0 = Release|x64
		{AD39623C-B3C7-47DD-9FA7-19F8C9D3B21A}.Release|x86.ActiveCfg = Release|Win32
		{AD39623C-B3C7-47DD-9FA7-19F8C9D3B21A}.Release|x86.Build.0 = Release|Win32
		{297DB5BB-F96F-4786-AEEB-9BF2FF74466D}.Debug|x64.ActiveCfg = Debug|x64
		{297DB5BB-F96F-4786-AEEB-9BF2FF74466D}.Debug|x64.Build.0 = Debug|x64
		{297DB5BB-F96F-4786-AEEB-9BF2FF74466D}.Debug|x86.ActiveCfg = Debug|Win32
		{297DB5BB-F96F-4786-AEEB-9BF2FF74466D}.Debug|x86.Build.0 = Debug|Win32
		{297DB5BB-F96F-4786-AEEB-9BF2FF74466D}.Release|x64.ActiveCfg = Release|x64
		{297DB5BB-F96F-4786-AEEB-9BF2FF74466D}.Release|x64.Build.0 = Release|x64
		{297DB5BB-F96F-4786-AEEB-9BF2FF74466D}.Release|x86.ActiveCfg = Release|Win32
		{297DB5BB-F96F-4786-AEEB-9BF2FF74466D}.Release|x86.Build.0 = Release|Win32
		{11376007-660A-4636-AB6C-482F0B48BF38}.Debug|x64.ActiveCfg = Debug|x64
		{11376007-660A-4636-AB6C-482F0B48BF38}.Debug|x64.Build.0 = Debug|x64
		{11376007-660A-4636-AB6C-482F0B48BF38}.Debug|x86.ActiveCfg = Debug|Win32
		{11376007-660A-4636-AB6C-482F0B48BF38}.Debug|x86.Build.0 = Debug|Win32
		{11376007-660A-4636-AB6C-482F0B48BF38}.Release|x64.ActiveCfg = Release|x64
		{11376007-660A-4636-AB6C-482F0B48BF38}.Release|x64.Build.0 = Release|x64
		{11376007-660A-4636-AB6C-482F0B48BF38}.Release|x86.ActiveCfg = Release|Win32
		{11376007-660A-4636-AB6C-482F0B48BF38}.Release|x86.Build.0 = Release|Win32
		{289D3B3A-0ED2-4441-8C4F-559549582661}.Debug|x64.ActiveCfg = Debug|x64
		{289D3B3A-0ED2-4441-8C4F-559549582661}.Debug|x64.Build.0 = Debug|x64
		{289D3B3A-0ED2-4441-8C4F-559549582661}.Debug|x86.ActiveCfg = Debug|Win32
		{289D3B3A-0ED2-4441-8C4F-559549582661}.Debug|x86.Build.0 = Debug|Win32
		{289D3B3A-0ED2-4441-8C4F-559549582661}.Release|x64.ActiveCfg = Release|x64
		{289D3B3A-0ED2-4441-8C4F-559549582661}.Release|x64.Build.0 = Release|x64
		{289D3B3A-0ED2-4441-8C4F-559549582661}.Release|x86.ActiveCfg = Release|Win32
		{289D3B3A-0ED2-4441-8C4F-559549582661}.Release|x86.Build.0 = Release|Win32
		{7663F855-A594-43E4-B0CE-8006A11970D4}.Debug|x64.ActiveCfg = Debug|x64
		{7663F855-A594-43E4-B0CE-8006A11970D4}.Debug|x64.Build.0 = Debug|x64
		{7663F855-A594-43E4-B0CE-8006A11970D4}.Debug|x86.ActiveCfg = Debug|Win32
		{7663F855-A594-43E4-B0CE-8006A11970D4}.Debug|x86.Build.0 = Debug|Win32
		{7663F855-A594-43E4-B0CE-8006A11970D4}.Release|x64.ActiveCfg = Release|x64
		{7663F855-A594-43E4-B0CE-8006A11970D4}.Release|x64.Build.0 = Release|x64
		{7663F855-A594-43E4-B0CE-8006A11970D4}.Release|x86.ActiveCfg = Release|Win32
		{7663F855-A594-43E4-B0CE-8006A11970D4}.Release|x86.Build.0 = Release|Win32
		{3B53F86F-E89E-4BC2-B6CE-4ED46B540322}.Debug|x64.ActiveCfg = Debug|x64
		{3B53F86F-E89E-4BC2-B6CE-4ED46B540322}.Debug|x64.Build.0 = Debug|x64
		{3B53F86F-E89E-4BC2-B6CE-4ED46B540322}.Debug|x86.ActiveCfg = Debug|Win32
		{3B53F86F-E89E-4BC2-B6CE-4ED46B540322}.Debug|x86.Build.0 = Debug|Win32
		{3B53F86F-E89E-4BC2-B6CE-4ED46B540322}.Release|x64.ActiveCfg = Release|x64
		{3B53F86F-E89E-4BC2-B6CE-4ED46B540322}.Release|x64.Build.0 = Release|x64
		{3B53F86F-E89E-4BC2-B6CE-4ED46B540322}.Release|x86.ActiveCfg = Release|Win32
		{3B53F86F-E89E-4BC2-B6CE-4ED46B540322}.Release|x86.Build.0 = Release|Win32
		{53065946-BA84-475F-B702-647871FCC8A5}.Debug|x64.ActiveCfg = Debug|x64
		{53065946-BA84-475F-B702-647871FCC8A5}.Debug|x64.Build.0 = Debug|x64
		{53065946-BA84-475F-B702-647871FCC8A5}.Debug|x86.ActiveCfg = Debug|Win32
		{53065946-BA84-475F-B702-647871FCC8A5}.Debug|x86.Build.0 = Debug|Win32
		{53065946-BA84-475F-B702-647871FCC8A5}.Release|x64.ActiveCfg = Release|x64
		{53065946-BA84-475F-B702-647871FCC8A5}.Release|x64.Build.0 = Release|x64
		{53065946-BA84-475F-B702-647871FCC8A5}.Release|x86.ActiveCfg = Release|Win32
		{53065946-BA84-475F-B702-647871FCC8A5}.Release|x86.Build.0 = Release|Win32
		{BF8429A1-C365-469F-AD95-DBC99F8A4E7F}.Debug|x64.ActiveCfg = Debug|x64
		{BF8429A1-C365-469F-AD95-DBC99F8A4E7F}.Debug|x64.Build.0 = Debug|x64
		{BF8429A1-C365-469F-AD95-DBC99F8A4E7F}.Debug|x86.ActiveCfg = Debug|Win32
		{BF8429A1-C365-469F-AD95-DBC99F8A4E7F}.Debug|x86.Build.0 = Debug|Win32
		{BF8429A1-C365-469F-AD95-DBC99F8A4E7F}.Release|x64.ActiveCfg = Release|x64
		{BF8429A1-C365-469F-AD95-DBC99F8A4E7F}.Release|x64.Build.0 = Release|x64
		{BF8429A1-C365-469F-AD95-DBC99F8A4E7F}.Release|x86.ActiveCfg = Release|Win32
		{BF8429A1-C365-469F-AD95-DBC99F8A4E7F}.Release|x86.Build.0 = Release|Win32
		{0C2C2609-F79E-4A7C-BAAF-3FC45851D1C4}.Debug|x64.ActiveCfg = Debug|x64
		{0C2C2609-F79E-4A7C-BAAF-3FC45851D1C4}.Debug|x64.Build.0 = Debug|x64
		{0C2C2609-F79E-4A7C-BAAF-3FC45851D1C4}.Debug|x86.ActiveCfg = Debug|Win32
		{0C2C2609-F79E-4A7C-BAAF-3FC45851D1C4}.Debug|x86.Build.0 = Debug|Win32
		{0C2C2609-F79E-4A7C-BAAF-3FC45851D1C4}.Release|x64.ActiveCfg = Release|x64
		{0C2C2609-F79E-4A7C-BAAF-3FC45851D1C4}.Release|x64.Build.0 = Release|x64
		{0C2C2609-F79E-4A7C-BAAF-3FC45851D1C4}.Release|x86.ActiveCfg = Release|Win32
		{0C2C2609-F79E-4A7C-BAAF-3FC45851D1C4}.Release|x86.Build.0 = Release|Win32
		{A79E8F37-1654-47B6-B6D8-2522A154D96A}.Debug|x64.ActiveCfg = Debug|x64
		{A79E8F37-1654-47B6-B6D8-2522A154D96A}.Debug|x64.Build.0 = Debug|x64
		{A79E8F37-1654-47B6-B6D8-2522A154D96A}.Debug|x86.ActiveCfg = Debug|Win32
		{A79E8F37-1654-47B6-B6D8-2522A154D96A}.Debug|x86.Build.0 = Debug|Win32
		{A79E8F37-1654-47B6-B6D8-2522A154D96A}.Release|x64.ActiveCfg = Release|x64
		{A79E8F37-1654-47B6-B6D8-2522A154D96A}.Release|x64.Build.0 = Release|x64
		{A79E8F37-1654-47B6-B6D8-2522A154D96A}.Release|x86.ActiveCfg = Release|Win32
		{A79E8F37-1654-47B6-B6D8-2522A154D96A}.Release|x86.Build.0 = Release|Win32
		{6E93DE52-8F88-4B4C-97F6-B82FF5F5FC7F}.Debug|x64.ActiveCfg = Debug|x64
		{6E93DE52-8F88-4B4C-97F6-B82FF5F5FC7F}.Debug|x64.Build.0 = Debug|x64
		{6E93DE52-8F88-4B4C-97F6-B82FF5F5FC7F}.Debug|x86.ActiveCfg = Debug|Win32
		{6E93DE52-8F88-4B4C-97F6-B82FF5F5FC7F}.Debug|x86.Build.0 = Debug|Win32
		{6E93DE52-8F88-4B4C-97F6-B82FF5F5FC7F}.Release|x64.ActiveCfg = Release|x64
		{6E93DE52-8F88-4B4C-97F6-B82FF5F5FC7F}.Release|x64.Build.0 = Release|x64
		{6E93DE52-8F88-4B4C-97F6-B82FF5F5FC7F}.Release|x86.ActiveCfg = Release|Win32
		{6E93DE52-8F88-4B4C-97F6-B82FF5F5FC7F}.Release|x86.Build.0 = Release|Win32
		{9CB33532-2B2D-400D-81CB-9EA8E47E9D02}.Debug|x64.ActiveCfg = Debug|x64
		{9CB33532-2B2D-400D-81CB-9EA8E47E9D02}.Debug|x64.Build.0 = Debug|x64
		{9CB33532-2B2D-400D-81CB-9EA8E47E9D02}.Debug|x86.ActiveCfg = Debug|Win32
		{9CB33532-2B2D-400D-81CB-9EA8E47E9D02}.Debug|x86.Build.0 = Debug|Win32
		{9CB33532-2B2D-400D-81CB-9EA8E47E9D02}.Release|x64.ActiveCfg = Release|x64
		{9CB33532-2B2D-400D-81CB-9EA8E47E9D02}.Release|x64.Build.0 = Release|x64
		{9CB33532-2B2D-400D-81CB-9EA8E47E9D02}.Release|x86.ActiveCfg = Release|Win32
		{9CB33532-2B2D-400D-81CB-9EA8E47E9D02}.Release|x86.Build.0 = Release|Win32
		{E490527B-2E5B-42CA-BA13-64A48EAF20DA}.Debug|x64.ActiveCfg = Debug|x64
		{E490527B-2E5B-42CA-BA13-64A48EAF20DA}.Debug|x64.Build.0 = Debug|x64
		{E490527B-2E5B-42CA-BA13-64A48EAF20DA}.Debug|x86.ActiveCfg = Debug|Win32
		{E490527B-2E5B-42CA-BA13-64A48EAF20DA}.Debug|x86.Build.0 = Debug|Win32
		{E490527B-2E5B-42CA-BA13-64A48EAF20DA}.Release|x64.ActiveCfg = Release|x64
		{E490527B-2E5B-42CA-BA13-64A48EAF20DA}.Release|x64.Build.0 = Release|x64
		{E490527B-2E5B-42CA-BA13-64A48EAF20DA}.Release|x86.ActiveCfg = Release|Win32
		{E490527B-2E5B-42CA-BA13-64A48EAF20DA}.Release|x86.Build.0 = Release|Win32
		{F6F0A353-3E6D-42EE-B54B-E4E24DE887A3}.Debug|x64.ActiveCfg = Debug|x64
		{F6F0A353-3E6D-42EE-B54B-E4E24DE887A3}.Debug|x64.Build.0 = Debug|x64
		{F6F0A353-3E6D-42EE-B54B-E4E24DE887A3}.Debug|x86.ActiveCfg = Debug|Win32
		{F6F0A353-3E6D-42EE-B54B-E4E24DE887A3}.Debug|x86.Build.0 = Debug|Win32
		{F6F0A353-3E6D-42EE-B54B-E4E24DE887A3}.Release|x64.ActiveCfg = Release|x64
		{F6F0A353-3E6D-42EE-B54B-E4E24DE887A3}.Release|x64.Build.0 = Release|x64
		{F6F0A353-3E6D-42EE-B54B-E4E24DE887A3}.Release|x86.ActiveCfg = Release|Win32
		{F6F0A353-3E6D-42EE-B54B-E4E24DE887A3}.Release|x86.Build.0 = Release|Win32
		{C76D054E-F207-4FB7-B996-F9D870E984FC}.Debug|x64.ActiveCfg = Debug|x64
		{C76D054E-F207-4FB7-B996-F9D870E984FC}.Debug|x64.Build.0 = Debug|x64
		{C76D054E-F207-4FB7-B996-F9D870E984FC}.Debug|x86.ActiveCfg = Debug|Win32
		{C76D054E-F207-4FB7-B996-F9D870E984FC}.Debug|x86.Build.0 = Debug|Win32
		{C76D054E-F207-4FB7-B996-F9D870E984FC}.Release|x64.ActiveCfg = Release|x64
		{C76D054E-F207-4FB7-B996-F9D870E984FC}.Release|x64.Build.0 = Release|x64
		{C76D054E-F207-4FB7-B996-F9D870E984FC}.Release|x86.ActiveCfg = Release|Win32
		{C76D054E-F207-4FB7-B996-F9D870E984FC}.Release|x86.Build.0 = Release|Win32
		{25BF8FCE-60FD-4E7D-89B0-8975AC6D6022}.Debug|x64.ActiveCfg = Debug|x64
		{25BF8FCE-60FD-4E7D-89B0-8975AC6D6022}.Debug|x64.Build.0 = Debug|x64
		{25BF8FCE-60FD-4E7D-89B0-8975AC6D6022}.Debug|x86.ActiveCfg = Debug|Win32
		{25BF8FCE-60FD-4E7D-89B0-8975AC6D6022}.Debug|x86.Build.0 = Debug|Win32
		{25BF8FCE-60FD-4E7D-89B0-8975AC6D6022}.Release|x64.ActiveCfg = Release|x64
		{25BF8FCE-60FD-4E7D-89B0-8975AC6D6022}.Release|x64.Build.0 = Release|x64
		{25BF8FCE-60FD-4E7D-89B0-8975AC6D6022}.Release|x86.ActiveCfg = Release|Win32
		{25BF8FCE-60FD-4E7D-89B0-8975AC6D6022}.Release|x86.Build.0 = Release|Win32
		{A2510D53-369C-4F9C-8108-F1FE98DA3B60}.Debug|x64.ActiveCfg = Debug|x64
		{A2510D53-369C-4F9C-8108-F1FE98DA3B60}.Debug|x64.Build.0 = Debug|x64
		{A2510D53-369C-4F9C-8108-F1FE98DA3B60}.Debug|x86.ActiveCfg = Debug|Win32
		{A2510D53-369C-4F9C-8108-F1FE98DA3B60}.Debug|x86.Build.0 = Debug|Win32
		{A2510D53-369C-4F9C-8108-F1FE98DA3B60}.Release|x64.ActiveCfg = Release|x64
		{A2510D53-369C-4F9C-8108-F1FE98DA3B60}.Release|x64.Build.0 = Release|x64
		{A2510D53-369C-4F9C-8108-F1FE98DA3B60}.Release|x86.ActiveCfg = Release|Win32
		{A2510D53-369C-4F9C-8108-F1FE98DA3B60}.Release|x86.Build.0 = Release|Win32
		{DA4BF321-6DC4-497A-8954-68A869AB5982}.Debug|x64.ActiveCfg = Debug|x64
		{DA4BF321-6DC4-497A-8954-68A869AB5982}.Debug|x64.Build.0 = Debug|x64
		{DA4BF321-6DC4-497A-8954-68A869AB5982}.Debug|x86.ActiveCfg = Debug|Win32
		{DA4BF321-6DC4-497A-8954-68A869AB5982}.Debug|x86.Build.0 = Debug|Win32
		{DA4BF321-6DC4-497A-8954-68A869AB5982}.Release|x64.ActiveCfg = Release|x64
		{DA4BF321-6DC4-497A-8954-68A869AB5982}.Release|x64.Build.0 = Release|x64
		{DA4BF321-6DC4-497A-8954-68A869AB5982}.Release|x86.ActiveCfg = Release|Win32
		{DA4BF321-6DC4-497A-8954-68A869AB5982}.Release|x86.Build.0 = Release|Win32
		{CDDC1D3F-027B-48A6-AE34-0D216742EF19}.Debug|x64.ActiveCfg = Debug|x64
		{CDDC1D3F-027B-48A6-AE34-0D216742EF19}.Debug|x64.Build.0 = Debug|x64
		{CDDC1D3F-027B-48A6-AE34-0D216742EF19}.Debug|x86.ActiveCfg = Debug|Win32
		{CDDC1D3F-027B-48A6-AE34-0D216742EF19}.Debug|x86.Build.0 = Debug|Win32
		{CDDC1D3F-027B-48A6-AE34-0D216742EF19}.Release|x64.ActiveCfg = Release|x64
		{CDDC1D3F-027B-48A6-AE34-0D216742EF19}.Release|x64.Build.0 = Release|x64
		{CDDC1D3F-027B-48A6-AE34-0D216742EF19}.Release|x86.ActiveCfg = Release|Win32
		{CDDC1D3F-027B-48A6-AE34-0D216742EF19}.Release|x86.Build.0 = Release|Win32
	EndGlobalSection
	GlobalSection(SolutionProperties) = preSolution
		HideSolutionNode = FALSE
	EndGlobalSection
	GlobalSection(NestedProjects) = preSolution
		{6E93DE52-8F88-4B4C-97F6-B82FF5F5FC7F} = {78E684E4-718C-4046-BC6F-E0EDF5BE89F8}
		{9CB33532-2B2D-400D-81CB-9EA8E47E9D02} = {78E684E4-718C-4046-BC6F-E0EDF5BE89F8}
		{E490527B-2E5B-42CA-BA13-64A48EAF20DA} = {78E684E4-718C-4046-BC6F-E0EDF5BE89F8}
		{F6F0A353-3E6D-42EE-B54B-E4E24DE887A3} = {78E684E4-718C-4046-BC6F-E0EDF5BE89F8}
	EndGlobalSection
	GlobalSection(ExtensibilityGlobals) = postSolution
		SolutionGuid = {4D5C5134-BBC8-49F3-985B-A8711BAB3D13}
	EndGlobalSection
EndGlobal
