
Microsoft Visual Studio Solution File, Format Version 12.00
# Visual Studio Version 16
VisualStudioVersion = 16.0.32228.343
MinimumVisualStudioVersion = 10.0.40219.1
Project("{8BC9CEB8-8B4A-11D0-8D11-00A0C91BC942}") = "1712", "..\1712\1712.vcxproj", "{BC8EC449-523F-40CC-99FA-F0B311FC86C7}"
EndProject
Project("{8BC9CEB8-8B4A-11D0-8D11-00A0C91BC942}") = "2292", "..\2292\2292.vcxproj", "{25ECB6AF-D9CA-4C44-863C-DF7D72A37D50}"
EndProject
Project("{8BC9CEB8-8B4A-11D0-8D11-00A0C91BC942}") = "1193", "..\1193\1193.vcxproj", "{CA3FAB88-8911-492C-A1B3-CA6F6B14223F}"
EndProject
Project("{8BC9CEB8-8B4A-11D0-8D11-00A0C91BC942}") = "2869", "..\2869\2869.vcxproj", "{4508BED9-D202-4141-B84C-6F7A4096CBC8}"
EndProject
Project("{8BC9CEB8-8B4A-11D0-8D11-00A0C91BC942}") = "10250", "..\10250\10250.vcxproj", "{F9A59FF6-339F-4EE1-B17C-9CDBF27A020E}"
EndProject
Project("{8BC9CEB8-8B4A-11D0-8D11-00A0C91BC942}") = "2775", "..\2775\2775.vcxproj", "{C30BF470-98D7-4319-9B45-0AA6721B3CE8}"
EndProject
Project("{8BC9CEB8-8B4A-11D0-8D11-00A0C91BC942}") = "2839", "..\2839\2839.vcxproj", "{EF48A8F9-1203-49C1-B92C-DC54ADDFB35C}"
EndProject
Project("{8BC9CEB8-8B4A-11D0-8D11-00A0C91BC942}") = "10757", "..\10757\10757.vcxproj", "{3B5B08D7-4D94-4CB3-86D5-C96EC232FF95}"
EndProject
Project("{8BC9CEB8-8B4A-11D0-8D11-00A0C91BC942}") = "1978", "..\1978\1978.vcxproj", "{964634C2-E0C1-43C6-BCDE-63CD64A90609}"
EndProject
Project("{8BC9CEB8-8B4A-11D0-8D11-00A0C91BC942}") = "2581", "..\2581\2581.vcxproj", "{31A073DF-DA95-450E-8A30-394C605E93B0}"
EndProject
Global
	GlobalSection(SolutionConfigurationPlatforms) = preSolution
		Debug|x64 = Debug|x64
		Debug|x86 = Debug|x86
		Release|x64 = Release|x64
		Release|x86 = Release|x86
	EndGlobalSection
	GlobalSection(ProjectConfigurationPlatforms) = postSolution
		{BC8EC449-523F-40CC-99FA-F0B311FC86C7}.Debug|x64.ActiveCfg = Debug|x64
		{BC8EC449-523F-40CC-99FA-F0B311FC86C7}.Debug|x64.Build.0 = Debug|x64
		{BC8EC449-523F-40CC-99FA-F0B311FC86C7}.Debug|x86.ActiveCfg = Debug|Win32
		{BC8EC449-523F-40CC-99FA-F0B311FC86C7}.Debug|x86.Build.0 = Debug|Win32
		{BC8EC449-523F-40CC-99FA-F0B311FC86C7}.Release|x64.ActiveCfg = Release|x64
		{BC8EC449-523F-40CC-99FA-F0B311FC86C7}.Release|x64.Build.0 = Release|x64
		{BC8EC449-523F-40CC-99FA-F0B311FC86C7}.Release|x86.ActiveCfg = Release|Win32
		{BC8EC449-523F-40CC-99FA-F0B311FC86C7}.Release|x86.Build.0 = Release|Win32
		{25ECB6AF-D9CA-4C44-863C-DF7D72A37D50}.Debug|x64.ActiveCfg = Debug|x64
		{25ECB6AF-D9CA-4C44-863C-DF7D72A37D50}.Debug|x64.Build.0 = Debug|x64
		{25ECB6AF-D9CA-4C44-863C-DF7D72A37D50}.Debug|x86.ActiveCfg = Debug|Win32
		{25ECB6AF-D9CA-4C44-863C-DF7D72A37D50}.Debug|x86.Build.0 = Debug|Win32
		{25ECB6AF-D9CA-4C44-863C-DF7D72A37D50}.Release|x64.ActiveCfg = Release|x64
		{25ECB6AF-D9CA-4C44-863C-DF7D72A37D50}.Release|x64.Build.0 = Release|x64
		{25ECB6AF-D9CA-4C44-863C-DF7D72A37D50}.Release|x86.ActiveCfg = Release|Win32
		{25ECB6AF-D9CA-4C44-863C-DF7D72A37D50}.Release|x86.Build.0 = Release|Win32
		{CA3FAB88-8911-492C-A1B3-CA6F6B14223F}.Debug|x64.ActiveCfg = Debug|x64
		{CA3FAB88-8911-492C-A1B3-CA6F6B14223F}.Debug|x64.Build.0 = Debug|x64
		{CA3FAB88-8911-492C-A1B3-CA6F6B14223F}.Debug|x86.ActiveCfg = Debug|Win32
		{CA3FAB88-8911-492C-A1B3-CA6F6B14223F}.Debug|x86.Build.0 = Debug|Win32
		{CA3FAB88-8911-492C-A1B3-CA6F6B14223F}.Release|x64.ActiveCfg = Release|x64
		{CA3FAB88-8911-492C-A1B3-CA6F6B14223F}.Release|x64.Build.0 = Release|x64
		{CA3FAB88-8911-492C-A1B3-CA6F6B14223F}.Release|x86.ActiveCfg = Release|Win32
		{CA3FAB88-8911-492C-A1B3-CA6F6B14223F}.Release|x86.Build.0 = Release|Win32
		{4508BED9-D202-4141-B84C-6F7A4096CBC8}.Debug|x64.ActiveCfg = Debug|x64
		{4508BED9-D202-4141-B84C-6F7A4096CBC8}.Debug|x64.Build.0 = Debug|x64
		{4508BED9-D202-4141-B84C-6F7A4096CBC8}.Debug|x86.ActiveCfg = Debug|Win32
		{4508BED9-D202-4141-B84C-6F7A4096CBC8}.Debug|x86.Build.0 = Debug|Win32
		{4508BED9-D202-4141-B84C-6F7A4096CBC8}.Release|x64.ActiveCfg = Release|x64
		{4508BED9-D202-4141-B84C-6F7A4096CBC8}.Release|x64.Build.0 = Release|x64
		{4508BED9-D202-4141-B84C-6F7A4096CBC8}.Release|x86.ActiveCfg = Release|Win32
		{4508BED9-D202-4141-B84C-6F7A4096CBC8}.Release|x86.Build.0 = Release|Win32
		{F9A59FF6-339F-4EE1-B17C-9CDBF27A020E}.Debug|x64.ActiveCfg = Debug|x64
		{F9A59FF6-339F-4EE1-B17C-9CDBF27A020E}.Debug|x64.Build.0 = Debug|x64
		{F9A59FF6-339F-4EE1-B17C-9CDBF27A020E}.Debug|x86.ActiveCfg = Debug|Win32
		{F9A59FF6-339F-4EE1-B17C-9CDBF27A020E}.Debug|x86.Build.0 = Debug|Win32
		{F9A59FF6-339F-4EE1-B17C-9CDBF27A020E}.Release|x64.ActiveCfg = Release|x64
		{F9A59FF6-339F-4EE1-B17C-9CDBF27A020E}.Release|x64.Build.0 = Release|x64
		{F9A59FF6-339F-4EE1-B17C-9CDBF27A020E}.Release|x86.ActiveCfg = Release|Win32
		{F9A59FF6-339F-4EE1-B17C-9CDBF27A020E}.Release|x86.Build.0 = Release|Win32
		{C30BF470-98D7-4319-9B45-0AA6721B3CE8}.Debug|x64.ActiveCfg = Debug|x64
		{C30BF470-98D7-4319-9B45-0AA6721B3CE8}.Debug|x64.Build.0 = Debug|x64
		{C30BF470-98D7-4319-9B45-0AA6721B3CE8}.Debug|x86.ActiveCfg = Debug|Win32
		{C30BF470-98D7-4319-9B45-0AA6721B3CE8}.Debug|x86.Build.0 = Debug|Win32
		{C30BF470-98D7-4319-9B45-0AA6721B3CE8}.Release|x64.ActiveCfg = Release|x64
		{C30BF470-98D7-4319-9B45-0AA6721B3CE8}.Release|x64.Build.0 = Release|x64
		{C30BF470-98D7-4319-9B45-0AA6721B3CE8}.Release|x86.ActiveCfg = Release|Win32
		{C30BF470-98D7-4319-9B45-0AA6721B3CE8}.Release|x86.Build.0 = Release|Win32
		{EF48A8F9-1203-49C1-B92C-DC54ADDFB35C}.Debug|x64.ActiveCfg = Debug|x64
		{EF48A8F9-1203-49C1-B92C-DC54ADDFB35C}.Debug|x64.Build.0 = Debug|x64
		{EF48A8F9-1203-49C1-B92C-DC54ADDFB35C}.Debug|x86.ActiveCfg = Debug|Win32
		{EF48A8F9-1203-49C1-B92C-DC54ADDFB35C}.Debug|x86.Build.0 = Debug|Win32
		{EF48A8F9-1203-49C1-B92C-DC54ADDFB35C}.Release|x64.ActiveCfg = Release|x64
		{EF48A8F9-1203-49C1-B92C-DC54ADDFB35C}.Release|x64.Build.0 = Release|x64
		{EF48A8F9-1203-49C1-B92C-DC54ADDFB35C}.Release|x86.ActiveCfg = Release|Win32
		{EF48A8F9-1203-49C1-B92C-DC54ADDFB35C}.Release|x86.Build.0 = Release|Win32
		{3B5B08D7-4D94-4CB3-86D5-C96EC232FF95}.Debug|x64.ActiveCfg = Debug|x64
		{3B5B08D7-4D94-4CB3-86D5-C96EC232FF95}.Debug|x64.Build.0 = Debug|x64
		{3B5B08D7-4D94-4CB3-86D5-C96EC232FF95}.Debug|x86.ActiveCfg = Debug|Win32
		{3B5B08D7-4D94-4CB3-86D5-C96EC232FF95}.Debug|x86.Build.0 = Debug|Win32
		{3B5B08D7-4D94-4CB3-86D5-C96EC232FF95}.Release|x64.ActiveCfg = Release|x64
		{3B5B08D7-4D94-4CB3-86D5-C96EC232FF95}.Release|x64.Build.0 = Release|x64
		{3B5B08D7-4D94-4CB3-86D5-C96EC232FF95}.Release|x86.ActiveCfg = Release|Win32
		{3B5B08D7-4D94-4CB3-86D5-C96EC232FF95}.Release|x86.Build.0 = Release|Win32
		{964634C2-E0C1-43C6-BCDE-63CD64A90609}.Debug|x64.ActiveCfg = Debug|x64
		{964634C2-E0C1-43C6-BCDE-63CD64A90609}.Debug|x64.Build.0 = Debug|x64
		{964634C2-E0C1-43C6-BCDE-63CD64A90609}.Debug|x86.ActiveCfg = Debug|Win32
		{964634C2-E0C1-43C6-BCDE-63CD64A90609}.Debug|x86.Build.0 = Debug|Win32
		{964634C2-E0C1-43C6-BCDE-63CD64A90609}.Release|x64.ActiveCfg = Release|x64
		{964634C2-E0C1-43C6-BCDE-63CD64A90609}.Release|x64.Build.0 = Release|x64
		{964634C2-E0C1-43C6-BCDE-63CD64A90609}.Release|x86.ActiveCfg = Release|Win32
		{964634C2-E0C1-43C6-BCDE-63CD64A90609}.Release|x86.Build.0 = Release|Win32
		{31A073DF-DA95-450E-8A30-394C605E93B0}.Debug|x64.ActiveCfg = Debug|x64
		{31A073DF-DA95-450E-8A30-394C605E93B0}.Debug|x64.Build.0 = Debug|x64
		{31A073DF-DA95-450E-8A30-394C605E93B0}.Debug|x86.ActiveCfg = Debug|Win32
		{31A073DF-DA95-450E-8A30-394C605E93B0}.Debug|x86.Build.0 = Debug|Win32
		{31A073DF-DA95-450E-8A30-394C605E93B0}.Release|x64.ActiveCfg = Release|x64
		{31A073DF-DA95-450E-8A30-394C605E93B0}.Release|x64.Build.0 = Release|x64
		{31A073DF-DA95-450E-8A30-394C605E93B0}.Release|x86.ActiveCfg = Release|Win32
		{31A073DF-DA95-450E-8A30-394C605E93B0}.Release|x86.Build.0 = Release|Win32
	EndGlobalSection
	GlobalSection(SolutionProperties) = preSolution
		HideSolutionNode = FALSE
	EndGlobalSection
	GlobalSection(ExtensibilityGlobals) = postSolution
		SolutionGuid = {4D5C5134-BBC8-49F3-985B-A8711BAB3D13}
	EndGlobalSection
EndGlobal
